
Microsoft Visual Studio Solution File, Format Version 12.00
# Visual Studio 2012
Project("{FAE04EC0-301F-11D3-BF4B-00C04F79EFBC}") = "DatacenterOptimizer", "DatacenterOptimizer\DatacenterOptimizer.csproj", "{9CC3FC77-55A3-4723-AFF4-43E2D4FDA9A7}"
EndProject
Project("{FAE04EC0-301F-11D3-BF4B-00C04F79EFBC}") = "Visu", "Visu\Visu.csproj", "{11E99E9E-D1FF-4055-B681-01EE2E7E8EDB}"
EndProject
Global
	GlobalSection(SolutionConfigurationPlatforms) = preSolution
		Debug|Any CPU = Debug|Any CPU
		Debug|x64 = Debug|x64
		Release|Any CPU = Release|Any CPU
		Release|x64 = Release|x64
	EndGlobalSection
	GlobalSection(ProjectConfigurationPlatforms) = postSolution
		{9CC3FC77-55A3-4723-AFF4-43E2D4FDA9A7}.Debug|Any CPU.ActiveCfg = Debug|Any CPU
		{9CC3FC77-55A3-4723-AFF4-43E2D4FDA9A7}.Debug|Any CPU.Build.0 = Debug|Any CPU
		{9CC3FC77-55A3-4723-AFF4-43E2D4FDA9A7}.Debug|x64.ActiveCfg = Debug|x64
		{9CC3FC77-55A3-4723-AFF4-43E2D4FDA9A7}.Debug|x64.Build.0 = Debug|x64
		{9CC3FC77-55A3-4723-AFF4-43E2D4FDA9A7}.Release|Any CPU.ActiveCfg = Release|Any CPU
		{9CC3FC77-55A3-4723-AFF4-43E2D4FDA9A7}.Release|Any CPU.Build.0 = Release|Any CPU
		{9CC3FC77-55A3-4723-AFF4-43E2D4FDA9A7}.Release|x64.ActiveCfg = Release|x64
		{9CC3FC77-55A3-4723-AFF4-43E2D4FDA9A7}.Release|x64.Build.0 = Release|x64
		{11E99E9E-D1FF-4055-B681-01EE2E7E8EDB}.Debug|Any CPU.ActiveCfg = Debug|Any CPU
		{11E99E9E-D1FF-4055-B681-01EE2E7E8EDB}.Debug|Any CPU.Build.0 = Debug|Any CPU
		{11E99E9E-D1FF-4055-B681-01EE2E7E8EDB}.Debug|x64.ActiveCfg = Debug|x64
		{11E99E9E-D1FF-4055-B681-01EE2E7E8EDB}.Debug|x64.Build.0 = Debug|x64
		{11E99E9E-D1FF-4055-B681-01EE2E7E8EDB}.Release|Any CPU.ActiveCfg = Release|Any CPU
		{11E99E9E-D1FF-4055-B681-01EE2E7E8EDB}.Release|Any CPU.Build.0 = Release|Any CPU
		{11E99E9E-D1FF-4055-B681-01EE2E7E8EDB}.Release|x64.ActiveCfg = Release|x64
		{11E99E9E-D1FF-4055-B681-01EE2E7E8EDB}.Release|x64.Build.0 = Release|x64
	EndGlobalSection
	GlobalSection(SolutionProperties) = preSolution
		HideSolutionNode = FALSE
	EndGlobalSection
EndGlobal
